// !$*UTF8*$!
{
	archiveVersion = 1;
	classes = {
	};
	objectVersion = 46;
	objects = {

/* Begin PBXBuildFile section */
		D48DFEF71B7AB98A0025F2AD /* main.m in Sources */ = {isa = PBXBuildFile; fileRef = D48DFEF61B7AB98A0025F2AD /* main.m */; };
		D48DFEFA1B7AB98A0025F2AD /* AppDelegate.m in Sources */ = {isa = PBXBuildFile; fileRef = D48DFEF91B7AB98A0025F2AD /* AppDelegate.m */; };
		D48DFEFD1B7AB98A0025F2AD /* ViewController.m in Sources */ = {isa = PBXBuildFile; fileRef = D48DFEFC1B7AB98A0025F2AD /* ViewController.m */; };
		D48DFF001B7AB98A0025F2AD /* Main.storyboard in Resources */ = {isa = PBXBuildFile; fileRef = D48DFEFE1B7AB98A0025F2AD /* Main.storyboard */; };
		D48DFF021B7AB98A0025F2AD /* Images.xcassets in Resources */ = {isa = PBXBuildFile; fileRef = D48DFF011B7AB98A0025F2AD /* Images.xcassets */; };
		D48DFF051B7AB98A0025F2AD /* LaunchScreen.xib in Resources */ = {isa = PBXBuildFile; fileRef = D48DFF031B7AB98A0025F2AD /* LaunchScreen.xib */; };
		D48DFF111B7AB98B0025F2AD /* StackDataDemoTests.m in Sources */ = {isa = PBXBuildFile; fileRef = D48DFF101B7AB98B0025F2AD /* StackDataDemoTests.m */; };
/* End PBXBuildFile section */

/* Begin PBXContainerItemProxy section */
		D48DFF0B1B7AB98B0025F2AD /* PBXContainerItemProxy */ = {
			isa = PBXContainerItemProxy;
			containerPortal = D48DFEE91B7AB98A0025F2AD /* Project object */;
			proxyType = 1;
			remoteGlobalIDString = D48DFEF01B7AB98A0025F2AD;
			remoteInfo = StackDataDemo;
		};
/* End PBXContainerItemProxy section */

/* Begin PBXFileReference section */
		D48DFEF11B7AB98A0025F2AD /* StackDataDemo.app */ = {isa = PBXFileReference; explicitFileType = wrapper.application; includeInIndex = 0; path = StackDataDemo.app; sourceTree = BUILT_PRODUCTS_DIR; };
		D48DFEF51B7AB98A0025F2AD /* Info.plist */ = {isa = PBXFileReference; lastKnownFileType = text.plist.xml; path = Info.plist; sourceTree = "<group>"; };
		D48DFEF61B7AB98A0025F2AD /* main.m */ = {isa = PBXFileReference; lastKnownFileType = sourcecode.c.objc; path = main.m; sourceTree = "<group>"; };
		D48DFEF81B7AB98A0025F2AD /* AppDelegate.h */ = {isa = PBXFileReference; lastKnownFileType = sourcecode.c.h; path = AppDelegate.h; sourceTree = "<group>"; };
		D48DFEF91B7AB98A0025F2AD /* AppDelegate.m */ = {isa = PBXFileReference; lastKnownFileType = sourcecode.c.objc; path = AppDelegate.m; sourceTree = "<group>"; };
		D48DFEFB1B7AB98A0025F2AD /* ViewController.h */ = {isa = PBXFileReference; lastKnownFileType = sourcecode.c.h; path = ViewController.h; sourceTree = "<group>"; };
		D48DFEFC1B7AB98A0025F2AD /* ViewController.m */ = {isa = PBXFileReference; lastKnownFileType = sourcecode.c.objc; path = ViewController.m; sourceTree = "<group>"; };
		D48DFEFF1B7AB98A0025F2AD /* Base */ = {isa = PBXFileReference; lastKnownFileType = file.storyboard; name = Base; path = Base.lproj/Main.storyboard; sourceTree = "<group>"; };
		D48DFF011B7AB98A0025F2AD /* Images.xcassets */ = {isa = PBXFileReference; lastKnownFileType = folder.assetcatalog; path = Images.xcassets; sourceTree = "<group>"; };
		D48DFF041B7AB98A0025F2AD /* Base */ = {isa = PBXFileReference; lastKnownFileType = file.xib; name = Base; path = Base.lproj/LaunchScreen.xib; sourceTree = "<group>"; };
		D48DFF0A1B7AB98B0025F2AD /* StackDataDemoTests.xctest */ = {isa = PBXFileReference; explicitFileType = wrapper.cfbundle; includeInIndex = 0; path = StackDataDemoTests.xctest; sourceTree = BUILT_PRODUCTS_DIR; };
		D48DFF0F1B7AB98B0025F2AD /* Info.plist */ = {isa = PBXFileReference; lastKnownFileType = text.plist.xml; path = Info.plist; sourceTree = "<group>"; };
		D48DFF101B7AB98B0025F2AD /* StackDataDemoTests.m */ = {isa = PBXFileReference; lastKnownFileType = sourcecode.c.objc; path = StackDataDemoTests.m; sourceTree = "<group>"; };
/* End PBXFileReference section */

/* Begin PBXFrameworksBuildPhase section */
		D48DFEEE1B7AB98A0025F2AD /* Frameworks */ = {
			isa = PBXFrameworksBuildPhase;
			buildActionMask = 2147483647;
			files = (
			);
			runOnlyForDeploymentPostprocessing = 0;
		};
		D48DFF071B7AB98B0025F2AD /* Frameworks */ = {
			isa = PBXFrameworksBuildPhase;
			buildActionMask = 2147483647;
			files = (
			);
			runOnlyForDeploymentPostprocessing = 0;
		};
/* End PBXFrameworksBuildPhase section */

/* Begin PBXGroup section */
		D48DFEE81B7AB98A0025F2AD = {
			isa = PBXGroup;
			children = (
				D48DFEF31B7AB98A0025F2AD /* StackDataDemo */,
				D48DFF0D1B7AB98B0025F2AD /* StackDataDemoTests */,
				D48DFEF21B7AB98A0025F2AD /* Products */,
			);
			sourceTree = "<group>";
		};
		D48DFEF21B7AB98A0025F2AD /* Products */ = {
			isa = PBXGroup;
			children = (
				D48DFEF11B7AB98A0025F2AD /* StackDataDemo.app */,
				D48DFF0A1B7AB98B0025F2AD /* StackDataDemoTests.xctest */,
			);
			name = Products;
			sourceTree = "<group>";
		};
		D48DFEF31B7AB98A0025F2AD /* StackDataDemo */ = {
			isa = PBXGroup;
			children = (
				D48DFEF81B7AB98A0025F2AD /* AppDelegate.h */,
				D48DFEF91B7AB98A0025F2AD /* AppDelegate.m */,
				D48DFEFB1B7AB98A0025F2AD /* ViewController.h */,
				D48DFEFC1B7AB98A0025F2AD /* ViewController.m */,
				D48DFEFE1B7AB98A0025F2AD /* Main.storyboard */,
				D48DFF011B7AB98A0025F2AD /* Images.xcassets */,
				D48DFF031B7AB98A0025F2AD /* LaunchScreen.xib */,
				D48DFEF41B7AB98A0025F2AD /* Supporting Files */,
			);
			path = StackDataDemo;
			sourceTree = "<group>";
		};
		D48DFEF41B7AB98A0025F2AD /* Supporting Files */ = {
			isa = PBXGroup;
			children = (
				D48DFEF51B7AB98A0025F2AD /* Info.plist */,
				D48DFEF61B7AB98A0025F2AD /* main.m */,
			);
			name = "Supporting Files";
			sourceTree = "<group>";
		};
		D48DFF0D1B7AB98B0025F2AD /* StackDataDemoTests */ = {
			isa = PBXGroup;
			children = (
				D48DFF101B7AB98B0025F2AD /* StackDataDemoTests.m */,
				D48DFF0E1B7AB98B0025F2AD /* Supporting Files */,
			);
			path = StackDataDemoTests;
			sourceTree = "<group>";
		};
		D48DFF0E1B7AB98B0025F2AD /* Supporting Files */ = {
			isa = PBXGroup;
			children = (
				D48DFF0F1B7AB98B0025F2AD /* Info.plist */,
			);
			name = "Supporting Files";
			sourceTree = "<group>";
		};
/* End PBXGroup section */

/* Begin PBXNativeTarget section */
		D48DFEF01B7AB98A0025F2AD /* StackDataDemo */ = {
			isa = PBXNativeTarget;
			buildConfigurationList = D48DFF141B7AB98B0025F2AD /* Build configuration list for PBXNativeTarget "StackDataDemo" */;
			buildPhases = (
				D48DFEED1B7AB98A0025F2AD /* Sources */,
				D48DFEEE1B7AB98A0025F2AD /* Frameworks */,
				D48DFEEF1B7AB98A0025F2AD /* Resources */,
			);
			buildRules = (
			);
			dependencies = (
			);
			name = StackDataDemo;
			productName = StackDataDemo;
			productReference = D48DFEF11B7AB98A0025F2AD /* StackDataDemo.app */;
			productType = "com.apple.product-type.application";
		};
		D48DFF091B7AB98B0025F2AD /* StackDataDemoTests */ = {
			isa = PBXNativeTarget;
			buildConfigurationList = D48DFF171B7AB98B0025F2AD /* Build configuration list for PBXNativeTarget "StackDataDemoTests" */;
			buildPhases = (
				D48DFF061B7AB98B0025F2AD /* Sources */,
				D48DFF071B7AB98B0025F2AD /* Frameworks */,
				D48DFF081B7AB98B0025F2AD /* Resources */,
			);
			buildRules = (
			);
			dependencies = (
				D48DFF0C1B7AB98B0025F2AD /* PBXTargetDependency */,
			);
			name = StackDataDemoTests;
			productName = StackDataDemoTests;
			productReference = D48DFF0A1B7AB98B0025F2AD /* StackDataDemoTests.xctest */;
			productType = "com.apple.product-type.bundle.unit-test";
		};
/* End PBXNativeTarget section */

/* Begin PBXProject section */
		D48DFEE91B7AB98A0025F2AD /* Project object */ = {
			isa = PBXProject;
			attributes = {
				LastUpgradeCheck = 0640;
				ORGANIZATIONNAME = "Jason Wang";
				TargetAttributes = {
					D48DFEF01B7AB98A0025F2AD = {
						CreatedOnToolsVersion = 6.4;
					};
					D48DFF091B7AB98B0025F2AD = {
						CreatedOnToolsVersion = 6.4;
						TestTargetID = D48DFEF01B7AB98A0025F2AD;
					};
				};
			};
			buildConfigurationList = D48DFEEC1B7AB98A0025F2AD /* Build configuration list for PBXProject "StackDataDemo" */;
			compatibilityVersion = "Xcode 3.2";
			developmentRegion = English;
			hasScannedForEncodings = 0;
			knownRegions = (
				en,
				Base,
			);
			mainGroup = D48DFEE81B7AB98A0025F2AD;
			productRefGroup = D48DFEF21B7AB98A0025F2AD /* Products */;
			projectDirPath = "";
			projectRoot = "";
			targets = (
				D48DFEF01B7AB98A0025F2AD /* StackDataDemo */,
				D48DFF091B7AB98B0025F2AD /* StackDataDemoTests */,
			);
		};
/* End PBXProject section */

/* Begin PBXResourcesBuildPhase section */
		D48DFEEF1B7AB98A0025F2AD /* Resources */ = {
			isa = PBXResourcesBuildPhase;
			buildActionMask = 2147483647;
			files = (
				D48DFF001B7AB98A0025F2AD /* Main.storyboard in Resources */,
				D48DFF051B7AB98A0025F2AD /* LaunchScreen.xib in Resources */,
				D48DFF021B7AB98A0025F2AD /* Images.xcassets in Resources */,
			);
			runOnlyForDeploymentPostprocessing = 0;
		};
		D48DFF081B7AB98B0025F2AD /* Resources */ = {
			isa = PBXResourcesBuildPhase;
			buildActionMask = 2147483647;
			files = (
			);
			runOnlyForDeploymentPostprocessing = 0;
		};
/* End PBXResourcesBuildPhase section */

/* Begin PBXSourcesBuildPhase section */
		D48DFEED1B7AB98A0025F2AD /* Sources */ = {
			isa = PBXSourcesBuildPhase;
			buildActionMask = 2147483647;
			files = (
				D48DFEFD1B7AB98A0025F2AD /* ViewController.m in Sources */,
				D48DFEFA1B7AB98A0025F2AD /* AppDelegate.m in Sources */,
				D48DFEF71B7AB98A0025F2AD /* main.m in Sources */,
			);
			runOnlyForDeploymentPostprocessing = 0;
		};
		D48DFF061B7AB98B0025F2AD /* Sources */ = {
			isa = PBXSourcesBuildPhase;
			buildActionMask = 2147483647;
			files = (
				D48DFF111B7AB98B0025F2AD /* StackDataDemoTests.m in Sources */,
			);
			runOnlyForDeploymentPostprocessing = 0;
		};
/* End PBXSourcesBuildPhase section */

/* Begin PBXTargetDependency section */
		D48DFF0C1B7AB98B0025F2AD /* PBXTargetDependency */ = {
			isa = PBXTargetDependency;
			target = D48DFEF01B7AB98A0025F2AD /* StackDataDemo */;
			targetProxy = D48DFF0B1B7AB98B0025F2AD /* PBXContainerItemProxy */;
		};
/* End PBXTargetDependency section */

/* Begin PBXVariantGroup section */
		D48DFEFE1B7AB98A0025F2AD /* Main.storyboard */ = {
			isa = PBXVariantGroup;
			children = (
				D48DFEFF1B7AB98A0025F2AD /* Base */,
			);
			name = Main.storyboard;
			sourceTree = "<group>";
		};
		D48DFF031B7AB98A0025F2AD /* LaunchScreen.xib */ = {
			isa = PBXVariantGroup;
			children = (
				D48DFF041B7AB98A0025F2AD /* Base */,
			);
			name = LaunchScreen.xib;
			sourceTree = "<group>";
		};
/* End PBXVariantGroup section */

/* Begin XCBuildConfiguration section */
		D48DFF121B7AB98B0025F2AD /* Debug */ = {
			isa = XCBuildConfiguration;
			buildSettings = {
				ALWAYS_SEARCH_USER_PATHS = NO;
				CLANG_CXX_LANGUAGE_STANDARD = "gnu++0x";
				CLANG_CXX_LIBRARY = "libc++";
				CLANG_ENABLE_MODULES = YES;
				CLANG_ENABLE_OBJC_ARC = YES;
				CLANG_WARN_BOOL_CONVERSION = YES;
				CLANG_WARN_CONSTANT_CONVERSION = YES;
				CLANG_WARN_DIRECT_OBJC_ISA_USAGE = YES_ERROR;
				CLANG_WARN_EMPTY_BODY = YES;
				CLANG_WARN_ENUM_CONVERSION = YES;
				CLANG_WARN_INT_CONVERSION = YES;
				CLANG_WARN_OBJC_ROOT_CLASS = YES_ERROR;
				CLANG_WARN_UNREACHABLE_CODE = YES;
				CLANG_WARN__DUPLICATE_METHOD_MATCH = YES;
				"CODE_SIGN_IDENTITY[sdk=iphoneos*]" = "iPhone Developer";
				COPY_PHASE_STRIP = NO;
				DEBUG_INFORMATION_FORMAT = "dwarf-with-dsym";
				ENABLE_STRICT_OBJC_MSGSEND = YES;
				GCC_C_LANGUAGE_STANDARD = gnu99;
				GCC_DYNAMIC_NO_PIC = NO;
				GCC_NO_COMMON_BLOCKS = YES;
				GCC_OPTIMIZATION_LEVEL = 0;
				GCC_PREPROCESSOR_DEFINITIONS = (
					"DEBUG=1",
					"$(inherited)",
				);
				GCC_SYMBOLS_PRIVATE_EXTERN = NO;
				GCC_WARN_64_TO_32_BIT_CONVERSION = YES;
				GCC_WARN_ABOUT_RETURN_TYPE = YES_ERROR;
				GCC_WARN_UNDECLARED_SELECTOR = YES;
				GCC_WARN_UNINITIALIZED_AUTOS = YES_AGGRESSIVE;
				GCC_WARN_UNUSED_FUNCTION = YES;
				GCC_WARN_UNUSED_VARIABLE = YES;
				IPHONEOS_DEPLOYMENT_TARGET = 8.4;
				MTL_ENABLE_DEBUG_INFO = YES;
				ONLY_ACTIVE_ARCH = YES;
				SDKROOT = iphoneos;
				TARGETED_DEVICE_FAMILY = "1,2";
			};
			name = Debug;
		};
		D48DFF131B7AB98B0025F2AD /* Release */ = {
			isa = XCBuildConfiguration;
			buildSettings = {
				ALWAYS_SEARCH_USER_PATHS = NO;
				CLANG_CXX_LANGUAGE_STANDARD = "gnu++0x";
				CLANG_CXX_LIBRARY = "libc++";
				CLANG_ENABLE_MODULES = YES;
				CLANG_ENABLE_OBJC_ARC = YES;
				CLANG_WARN_BOOL_CONVERSION = YES;
				CLANG_WARN_CONSTANT_CONVERSION = YES;
				CLANG_WARN_DIRECT_OBJC_ISA_USAGE = YES_ERROR;
				CLANG_WARN_EMPTY_BODY = YES;
				CLANG_WARN_ENUM_CONVERSION = YES;
				CLANG_WARN_INT_CONVERSION = YES;
				CLANG_WARN_OBJC_ROOT_CLASS = YES_ERROR;
				CLANG_WARN_UNREACHABLE_CODE = YES;
				CLANG_WARN__DUPLICATE_METHOD_MATCH = YES;
				"CODE_SIGN_IDENTITY[sdk=iphoneos*]" = "iPhone Developer";
				COPY_PHASE_STRIP = NO;
				DEBUG_INFORMATION_FORMAT = "dwarf-with-dsym";
				ENABLE_NS_ASSERTIONS = NO;
				ENABLE_STRICT_OBJC_MSGSEND = YES;
				GCC_C_LANGUAGE_STANDARD = gnu99;
				GCC_NO_COMMON_BLOCKS = YES;
				GCC_WARN_64_TO_32_BIT_CONVERSION = YES;
				GCC_WARN_ABOUT_RETURN_TYPE = YES_ERROR;
				GCC_WARN_UNDECLARED_SELECTOR = YES;
				GCC_WARN_UNINITIALIZED_AUTOS = YES_AGGRESSIVE;
				GCC_WARN_UNUSED_FUNCTION = YES;
				GCC_WARN_UNUSED_VARIABLE = YES;
				IPHONEOS_DEPLOYMENT_TARGET = 8.4;
				MTL_ENABLE_DEBUG_INFO = NO;
				SDKROOT = iphoneos;
				TARGETED_DEVICE_FAMILY = "1,2";
				VALIDATE_PRODUCT = YES;
			};
			name = Release;
		};
		D48DFF151B7AB98B0025F2AD /* Debug */ = {
			isa = XCBuildConfiguration;
			buildSettings = {
				ASSETCATALOG_COMPILER_APPICON_NAME = AppIcon;
				INFOPLIST_FILE = StackDataDemo/Info.plist;
				LD_RUNPATH_SEARCH_PATHS = "$(inherited) @executable_path/Frameworks";
				PRODUCT_NAME = "$(TARGET_NAME)";
			};
			name = Debug;
		};
		D48DFF161B7AB98B0025F2AD /* Release */ = {
			isa = XCBuildConfiguration;
			buildSettings = {
				ASSETCATALOG_COMPILER_APPICON_NAME = AppIcon;
				INFOPLIST_FILE = StackDataDemo/Info.plist;
				LD_RUNPATH_SEARCH_PATHS = "$(inherited) @executable_path/Frameworks";
				PRODUCT_NAME = "$(TARGET_NAME)";
			};
			name = Release;
		};
		D48DFF181B7AB98B0025F2AD /* Debug */ = {
			isa = XCBuildConfiguration;
			buildSettings = {
				BUNDLE_LOADER = "$(TEST_HOST)";
				FRAMEWORK_SEARCH_PATHS = (
					"$(SDKROOT)/Developer/Library/Frameworks",
					"$(inherited)",
				);
				GCC_PREPROCESSOR_DEFINITIONS = (
					"DEBUG=1",
					"$(inherited)",
				);
				INFOPLIST_FILE = StackDataDemoTests/Info.plist;
				LD_RUNPATH_SEARCH_PATHS = "$(inherited) @executable_path/Frameworks @loader_path/Frameworks";
				PRODUCT_NAME = "$(TARGET_NAME)";
				TEST_HOST = "$(BUILT_PRODUCTS_DIR)/StackDataDemo.app/StackDataDemo";
			};
			name = Debug;
		};
		D48DFF191B7AB98B0025F2AD /* Release */ = {
			isa = XCBuildConfiguration;
			buildSettings = {
				BUNDLE_LOADER = "$(TEST_HOST)";
				FRAMEWORK_SEARCH_PATHS = (
					"$(SDKROOT)/Developer/Library/Frameworks",
					"$(inherited)",
				);
				INFOPLIST_FILE = StackDataDemoTests/Info.plist;
				LD_RUNPATH_SEARCH_PATHS = "$(inherited) @executable_path/Frameworks @loader_path/Frameworks";
				PRODUCT_NAME = "$(TARGET_NAME)";
				TEST_HOST = "$(BUILT_PRODUCTS_DIR)/StackDataDemo.app/StackDataDemo";
			};
			name = Release;
		};
/* End XCBuildConfiguration section */

/* Begin XCConfigurationList section */
		D48DFEEC1B7AB98A0025F2AD /* Build configuration list for PBXProject "StackDataDemo" */ = {
			isa = XCConfigurationList;
			buildConfigurations = (
				D48DFF121B7AB98B0025F2AD /* Debug */,
				D48DFF131B7AB98B0025F2AD /* Release */,
			);
			defaultConfigurationIsVisible = 0;
			defaultConfigurationName = Release;
		};
		D48DFF141B7AB98B0025F2AD /* Build configuration list for PBXNativeTarget "StackDataDemo" */ = {
			isa = XCConfigurationList;
			buildConfigurations = (
				D48DFF151B7AB98B0025F2AD /* Debug */,
				D48DFF161B7AB98B0025F2AD /* Release */,
			);
			defaultConfigurationIsVisible = 0;
		};
		D48DFF171B7AB98B0025F2AD /* Build configuration list for PBXNativeTarget "StackDataDemoTests" */ = {
			isa = XCConfigurationList;
			buildConfigurations = (
				D48DFF181B7AB98B0025F2AD /* Debug */,
				D48DFF191B7AB98B0025F2AD /* Release */,
			);
			defaultConfigurationIsVisible = 0;
		};
/* End XCConfigurationList section */
	};
	rootObject = D48DFEE91B7AB98A0025F2AD /* Project object */;
}
